
Microsoft Visual Studio Solution File, Format Version 12.00
# Visual Studio 2012
Project("{FAE04EC0-301F-11D3-BF4B-00C04F79EFBC}") = "UnitTestProject_Add", "UnitTestProject_Add\UnitTestProject_Add.csproj", "{5C9EEADE-9F8E-48E4-9243-DB18660985E8}"
EndProject
Project("{FAE04EC0-301F-11D3-BF4B-00C04F79EFBC}") = "Demo_Add", "Demo_Add\Demo_Add.csproj", "{F67C188F-1DB3-48F9-80FD-E0A23F84E87C}"
EndProject
Global
	GlobalSection(SolutionConfigurationPlatforms) = preSolution
		Debug|Any CPU = Debug|Any CPU
		Release|Any CPU = Release|Any CPU
	EndGlobalSection
	GlobalSection(ProjectConfigurationPlatforms) = postSolution
		{5C9EEADE-9F8E-48E4-9243-DB18660985E8}.Debug|Any CPU.ActiveCfg = Debug|Any CPU
		{5C9EEADE-9F8E-48E4-9243-DB18660985E8}.Debug|Any CPU.Build.0 = Debug|Any CPU
		{5C9EEADE-9F8E-48E4-9243-DB18660985E8}.Release|Any CPU.ActiveCfg = Release|Any CPU
		{5C9EEADE-9F8E-48E4-9243-DB18660985E8}.Release|Any CPU.Build.0 = Release|Any CPU
		{F67C188F-1DB3-48F9-80FD-E0A23F84E87C}.Debug|Any CPU.ActiveCfg = Debug|Any CPU
		{F67C188F-1DB3-48F9-80FD-E0A23F84E87C}.Debug|Any CPU.Build.0 = Debug|Any CPU
		{F67C188F-1DB3-48F9-80FD-E0A23F84E87C}.Release|Any CPU.ActiveCfg = Release|Any CPU
		{F67C188F-1DB3-48F9-80FD-E0A23F84E87C}.Release|Any CPU.Build.0 = Release|Any CPU
	EndGlobalSection
	GlobalSection(SolutionProperties) = preSolution
		HideSolutionNode = FALSE
	EndGlobalSection
EndGlobal
